<?xml version="1.0" encoding="UTF-8" standalone="yes" ?>
<CodeBlocks_project_file>
	<FileVersion major="1" minor="6" />
	<Project>
		<Option title="Test2" />
		<Option pch_mode="2" />
		<Option compiler="gcc" />
		<Option virtualFolders="Model\;Model\include\;Model\src\;Controller\;Controller\include\;Controller\src\;Model\include\databaseClasses\;Model\src\databaseClasses\;Libraries\;View\;View\include\;View\src\;Dao\;Dao\Include\;Dao\src\;Helper\;Helper\include\;Helper\src\;" />
		<Build>
			<Script file="lib_finder.script" />
			<Target title="Debug">
				<Option output="bin/Debug/Test2" prefix_auto="1" extension_auto="1" />
				<Option object_output="obj/Debug/" />
				<Option type="1" />
				<Option compiler="gcc" />
				<Compiler>
					<Add option="-g" />
					<Add option="-lsqlite3" />
					<Add directory="include" />
					<Add directory="cpp/Test2/Test2/include" />
					<Add directory="PK/Menager2019/Test2/include" />
				</Compiler>
			</Target>
			<Target title="Release">
				<Option output="bin/Release/Test2" prefix_auto="1" extension_auto="1" />
				<Option object_output="obj/Release/" />
				<Option type="1" />
				<Option compiler="gcc" />
				<Compiler>
					<Add option="-O2" />
					<Add option="-lsqlite3" />
					<Add directory="include" />
					<Add directory="cpp/Test2/Test2/include" />
					<Add directory="PK/Menager2019/Test2/include" />
				</Compiler>
				<Linker>
					<Add option="-s" />
				</Linker>
			</Target>
		</Build>
		<Compiler>
			<Add option="-Wall" />
			<Add option="-fexceptions" />
		</Compiler>
		<Unit filename="../../../studia/PK/sqlite-amalgamation-3280000/sqlite3.c">
			<Option compilerVar="CC" />
			<Option virtualFolder="Libraries/" />
		</Unit>
		<Unit filename="cpp/MainView.cpp">
			<Option virtualFolder="View/src/" />
		</Unit>
		<Unit filename="include/Club.h">
			<Option virtualFolder="Model/include/databaseClasses/" />
		</Unit>
		<Unit filename="include/ClubHelper.h">
			<Option virtualFolder="Helper/include/" />
		</Unit>
		<Unit filename="include/ClubView.h">
			<Option virtualFolder="View/include/" />
		</Unit>
		<Unit filename="include/ClubsDao.h">
			<Option virtualFolder="Dao/Include/" />
		</Unit>
		<Unit filename="include/DatabaseHelper.h">
			<Option virtualFolder="Helper/include/" />
		</Unit>
		<Unit filename="include/Game.h">
			<Option virtualFolder="Controller/include/" />
		</Unit>
		<Unit filename="include/League.h">
			<Option virtualFolder="Model/include/databaseClasses/" />
		</Unit>
		<Unit filename="include/LeaguesDao.h">
			<Option virtualFolder="Dao/Include/" />
		</Unit>
		<Unit filename="include/MainView.h">
			<Option virtualFolder="View/include/" />
		</Unit>
		<Unit filename="include/Player.h">
			<Option virtualFolder="Model/include/databaseClasses/" />
		</Unit>
		<Unit filename="include/PlayerView.h">
			<Option virtualFolder="View/include/" />
		</Unit>
		<Unit filename="include/PlayersDao.h">
			<Option virtualFolder="Dao/Include/" />
		</Unit>
		<Unit filename="include/PlayersHelper.h">
			<Option virtualFolder="Helper/include/" />
		</Unit>
		<Unit filename="include/Season.h">
			<Option virtualFolder="Model/include/databaseClasses/" />
		</Unit>
		<Unit filename="include/SeasonsDao.h">
			<Option virtualFolder="Dao/Include/" />
		</Unit>
		<Unit filename="include/Timetable.h">
			<Option virtualFolder="Model/include/databaseClasses/" />
		</Unit>
		<Unit filename="include/TimetableDao.h">
			<Option virtualFolder="Dao/Include/" />
		</Unit>
		<Unit filename="include/TimetableHelper.h">
			<Option virtualFolder="Helper/include/" />
		</Unit>
		<Unit filename="include/TimetableView.h">
			<Option virtualFolder="View/include/" />
		</Unit>
		<Unit filename="main.cpp">
			<Option virtualFolder="Controller/src/" />
		</Unit>
		<Unit filename="src/Club.cpp">
			<Option virtualFolder="Model/src/databaseClasses/" />
		</Unit>
		<Unit filename="src/ClubHelper.cpp">
			<Option virtualFolder="Helper/src/" />
		</Unit>
		<Unit filename="src/ClubView.cpp">
			<Option virtualFolder="View/src/" />
		</Unit>
		<Unit filename="src/ClubsDao.cpp">
			<Option virtualFolder="Dao/src/" />
		</Unit>
		<Unit filename="src/DatabaseHelper.cpp">
			<Option virtualFolder="Helper/src/" />
		</Unit>
		<Unit filename="src/Game.cpp">
			<Option virtualFolder="Controller/src/" />
		</Unit>
		<Unit filename="src/League.cpp">
			<Option virtualFolder="Model/src/databaseClasses/" />
		</Unit>
		<Unit filename="src/LeaguesDao.cpp">
			<Option virtualFolder="Dao/src/" />
		</Unit>
		<Unit filename="src/Player.cpp">
			<Option virtualFolder="Model/src/databaseClasses/" />
		</Unit>
		<Unit filename="src/PlayerView.cpp">
			<Option virtualFolder="View/src/" />
		</Unit>
		<Unit filename="src/PlayersDao.cpp">
			<Option virtualFolder="Dao/src/" />
		</Unit>
		<Unit filename="src/PlayersHelper.cpp">
			<Option virtualFolder="Helper/src/" />
		</Unit>
		<Unit filename="src/Season.cpp">
			<Option virtualFolder="Model/src/databaseClasses/" />
		</Unit>
		<Unit filename="src/SeasonsDao.cpp">
			<Option virtualFolder="Dao/src/" />
		</Unit>
		<Unit filename="src/Timetable.cpp">
			<Option virtualFolder="Model/src/databaseClasses/" />
		</Unit>
		<Unit filename="src/TimetableDao.cpp">
			<Option virtualFolder="Dao/src/" />
		</Unit>
		<Unit filename="src/TimetableHelper.cpp">
			<Option virtualFolder="Helper/src/" />
		</Unit>
		<Unit filename="src/TimetableView.cpp">
			<Option virtualFolder="View/src/" />
		</Unit>
		<Extensions>
			<code_completion />
			<envvars />
			<debugger />
			<lib_finder disable_auto="1" />
		</Extensions>
	</Project>
</CodeBlocks_project_file>
