<?xml version="1.0" encoding="UTF-8" standalone="yes" ?>
<CodeBlocks_project_file>
	<FileVersion major="1" minor="6" />
	<Project>
		<Option title="Test2" />
		<Option pch_mode="2" />
		<Option compiler="gcc" />
		<Option virtualFolders="Model\;Model\include\;Model\src\;Controller\;Controller\include\;Controller\src\;Model\include\databaseClasses\;Model\src\databaseClasses\;Libraries\;View\;View\include\;View\src\;Controller\include\Helpers\;Controller\src\Helpers\;" />
		<Build>
			<Script file="lib_finder.script" />
			<Target title="Debug">
				<Option output="bin/Debug/Test2" prefix_auto="1" extension_auto="1" />
				<Option object_output="obj/Debug/" />
				<Option type="1" />
				<Option compiler="gcc" />
				<Compiler>
					<Add option="-g" />
					<Add option="-lsqlite3" />
					<Add directory="include" />
					<Add directory="cpp/Test2/Test2/include" />
				</Compiler>
			</Target>
			<Target title="Release">
				<Option output="bin/Release/Test2" prefix_auto="1" extension_auto="1" />
				<Option object_output="obj/Release/" />
				<Option type="1" />
				<Option compiler="gcc" />
				<Compiler>
					<Add option="-O2" />
					<Add option="-lsqlite3" />
					<Add directory="include" />
					<Add directory="cpp/Test2/Test2/include" />
				</Compiler>
				<Linker>
					<Add option="-s" />
				</Linker>
			</Target>
		</Build>
		<Compiler>
			<Add option="-Wall" />
			<Add option="-fexceptions" />
		</Compiler>
		<Unit filename="../../../studia/PK/sqlite-amalgamation-3280000/sqlite3.c">
			<Option compilerVar="CC" />
			<Option virtualFolder="Libraries/" />
		</Unit>
		<Unit filename="cpp/MainView.cpp">
			<Option virtualFolder="View/src/" />
		</Unit>
		<Unit filename="include/Club.h">
			<Option virtualFolder="Model/include/databaseClasses/" />
		</Unit>
		<Unit filename="include/DatabaseHelper.h">
			<Option virtualFolder="Controller/include/Helpers/" />
		</Unit>
		<Unit filename="include/Defender.h">
			<Option virtualFolder="Model/include/" />
		</Unit>
		<Unit filename="include/Game.h">
			<Option virtualFolder="Controller/include/" />
		</Unit>
		<Unit filename="include/Goalkeeper.h">
			<Option virtualFolder="Model/include/" />
		</Unit>
		<Unit filename="include/League.h">
			<Option virtualFolder="Model/include/databaseClasses/" />
		</Unit>
		<Unit filename="include/MainView.h">
			<Option virtualFolder="View/include/" />
		</Unit>
		<Unit filename="include/Midfielder.h">
			<Option virtualFolder="Model/include/" />
		</Unit>
		<Unit filename="include/Player.h">
			<Option virtualFolder="Model/include/databaseClasses/" />
		</Unit>
		<Unit filename="include/Season.h">
			<Option virtualFolder="Model/include/databaseClasses/" />
		</Unit>
		<Unit filename="include/Striker.h">
			<Option virtualFolder="Model/include/" />
		</Unit>
		<Unit filename="include/Timetable.h">
			<Option virtualFolder="Model/include/databaseClasses/" />
		</Unit>
		<Unit filename="main.cpp">
			<Option virtualFolder="Controller/src/" />
		</Unit>
		<Unit filename="src/Club.cpp">
			<Option virtualFolder="Model/src/databaseClasses/" />
		</Unit>
		<Unit filename="src/DatabaseHelper.cpp">
			<Option virtualFolder="Controller/src/Helpers/" />
		</Unit>
		<Unit filename="src/Defender.cpp">
			<Option virtualFolder="Model/src/" />
		</Unit>
		<Unit filename="src/Game.cpp">
			<Option virtualFolder="Controller/src/" />
		</Unit>
		<Unit filename="src/Goalkeeper.cpp">
			<Option virtualFolder="Model/src/" />
		</Unit>
		<Unit filename="src/League.cpp">
			<Option virtualFolder="Model/src/databaseClasses/" />
		</Unit>
		<Unit filename="src/Midfielder.cpp">
			<Option virtualFolder="Model/src/" />
		</Unit>
		<Unit filename="src/Player.cpp">
			<Option virtualFolder="Model/src/databaseClasses/" />
		</Unit>
		<Unit filename="src/Season.cpp">
			<Option virtualFolder="Model/src/databaseClasses/" />
		</Unit>
		<Unit filename="src/Striker.cpp">
			<Option virtualFolder="Model/src/" />
		</Unit>
		<Unit filename="src/Timetable.cpp">
			<Option virtualFolder="Model/src/databaseClasses/" />
		</Unit>
		<Extensions>
			<code_completion />
			<envvars />
			<debugger />
			<lib_finder disable_auto="1" />
		</Extensions>
	</Project>
</CodeBlocks_project_file>
